{
  "name": "trainerroad-to-zwift",
  "version": "1.0.0",
  "lockfileVersion": 2,
  "requires": true,
  "packages": {
    "": {
      "version": "1.0.0",
      "dependencies": {
        "async-sema": "^3.1.0",
        "node-fetch": "^2.6.1"
      }
    },
    "node_modules/async-sema": {
      "version": "3.1.0",
      "resolved": "https://registry.npmjs.org/async-sema/-/async-sema-3.1.0.tgz",
      "integrity": "sha512-+JpRq3r0zjpRLDruS6q/nC4V5tzsaiu07521677Mdi5i+AkaU/aNJH38rYHJVQ4zvz+SSkjgc8FUI7qIZrR+3g=="
    },
    "node_modules/node-fetch": {
      "version": "2.6.1",
      "resolved": "https://registry.npmjs.org/node-fetch/-/node-fetch-2.6.1.tgz",
      "integrity": "sha512-V4aYg89jEoVRxRb2fJdAg8FHvI7cEyYdVAh94HH0UIK8oJxUfkjlDQN9RbMx+bEjP7+ggMiFRprSti032Oipxw==",
      "engines": {
        "node": "4.x || >=6.0.0"
      }
    }
  },
  "dependencies": {
    "async-sema": {
      "version": "3.1.0",
      "resolved": "https://registry.npmjs.org/async-sema/-/async-sema-3.1.0.tgz",
      "integrity": "sha512-+JpRq3r0zjpRLDruS6q/nC4V5tzsaiu07521677Mdi5i+AkaU/aNJH38rYHJVQ4zvz+SSkjgc8FUI7qIZrR+3g=="
    },
    "node-fetch": {
      "version": "2.6.1",
      "resolved": "https://registry.npmjs.org/node-fetch/-/node-fetch-2.6.1.tgz",
      "integrity": "sha512-V4aYg89jEoVRxRb2fJdAg8FHvI7cEyYdVAh94HH0UIK8oJxUfkjlDQN9RbMx+bEjP7+ggMiFRprSti032Oipxw=="
    }
  }
}
